
Microsoft Visual Studio Solution File, Format Version 12.00
# Visual Studio Version 17
VisualStudioVersion = 17.5.33516.290
MinimumVisualStudioVersion = 10.0.40219.1
Project("{E24C65DC-7377-472B-9ABA-BC803B73C61A}") = "kupfWeb", ".", "{C8DC0861-91F2-430A-A532-9BC1658D38C0}"
	ProjectSection(WebsiteProperties) = preProject
		TargetFrameworkMoniker = ".NETFramework,Version%3Dv4.0"
		Debug.AspNetCompiler.VirtualPath = "/localhost_58058"
		Debug.AspNetCompiler.PhysicalPath = "..\kupfWeb\"
		Debug.AspNetCompiler.TargetPath = "PrecompiledWeb\localhost_58058\"
		Debug.AspNetCompiler.Updateable = "true"
		Debug.AspNetCompiler.ForceOverwrite = "true"
		Debug.AspNetCompiler.FixedNames = "false"
		Debug.AspNetCompiler.Debug = "True"
		Release.AspNetCompiler.VirtualPath = "/localhost_58058"
		Release.AspNetCompiler.PhysicalPath = "..\kupfWeb\"
		Release.AspNetCompiler.TargetPath = "PrecompiledWeb\localhost_58058\"
		Release.AspNetCompiler.Updateable = "true"
		Release.AspNetCompiler.ForceOverwrite = "true"
		Release.AspNetCompiler.FixedNames = "false"
		Release.AspNetCompiler.Debug = "False"
		VWDPort = "58058"
	EndProjectSection
EndProject
Global
	GlobalSection(SolutionConfigurationPlatforms) = preSolution
		Debug|Any CPU = Debug|Any CPU
	EndGlobalSection
	GlobalSection(ProjectConfigurationPlatforms) = postSolution
		{C8DC0861-91F2-430A-A532-9BC1658D38C0}.Debug|Any CPU.ActiveCfg = Debug|Any CPU
		{C8DC0861-91F2-430A-A532-9BC1658D38C0}.Debug|Any CPU.Build.0 = Debug|Any CPU
	EndGlobalSection
	GlobalSection(SolutionProperties) = preSolution
		HideSolutionNode = FALSE
	EndGlobalSection
	GlobalSection(ExtensibilityGlobals) = postSolution
		SolutionGuid = {62144A15-7165-4DAE-ADF7-424A5DAF2B0A}
	EndGlobalSection
EndGlobal
